GEM
  remote: https://rubygems.org/
  specs:
    chef-utils (18.8.54)
      concurrent-ruby
    concurrent-ruby (1.3.5)
    kramdown (2.5.1)
      rexml (>= 3.3.9)
    kramdown-parser-gfm (1.1.0)
      kramdown (~> 2.0)
    mdl (0.15.0)
      kramdown (~> 2.3)
      kramdown-parser-gfm (~> 1.1)
      mixlib-cli
      mixlib-config
      mixlib-shellout
    mixlib-cli (2.1.8)
    mixlib-config (3.0.27)
      tomlrb
    mixlib-shellout (3.3.9)
      chef-utils
    rexml (3.4.4)
    tomlrb (2.0.3)

PLATFORMS
  arm64-darwin-22
  x86_64-linux

DEPENDENCIES
  mdl

BUNDLED WITH
   2.4.1
